
Microsoft Visual Studio Solution File, Format Version 12.00
# Visual Studio Version 16
VisualStudioVersion = 16.0.32407.337
MinimumVisualStudioVersion = 10.0.40219.1
Project("{FAE04EC0-301F-11D3-BF4B-00C04F79EFBC}") = "Exercise-Order-Csharp", "Exercise-Order-Csharp\Exercise-Order-Csharp.csproj", "{465CED88-50E8-4AF0-A3E1-C7D703DF0ABE}"
EndProject
Global
	GlobalSection(SolutionConfigurationPlatforms) = preSolution
		Debug|Any CPU = Debug|Any CPU
		Release|Any CPU = Release|Any CPU
	EndGlobalSection
	GlobalSection(ProjectConfigurationPlatforms) = postSolution
		{465CED88-50E8-4AF0-A3E1-C7D703DF0ABE}.Debug|Any CPU.ActiveCfg = Debug|Any CPU
		{465CED88-50E8-4AF0-A3E1-C7D703DF0ABE}.Debug|Any CPU.Build.0 = Debug|Any CPU
		{465CED88-50E8-4AF0-A3E1-C7D703DF0ABE}.Release|Any CPU.ActiveCfg = Release|Any CPU
		{465CED88-50E8-4AF0-A3E1-C7D703DF0ABE}.Release|Any CPU.Build.0 = Release|Any CPU
	EndGlobalSection
	GlobalSection(SolutionProperties) = preSolution
		HideSolutionNode = FALSE
	EndGlobalSection
	GlobalSection(ExtensibilityGlobals) = postSolution
		SolutionGuid = {FC3924BF-3A7B-4405-ACBC-F52FA58EAE2D}
	EndGlobalSection
EndGlobal
